encore.dev v1.52.1 h1:bXMNaysltM1OrfsKd+CxRRMRsVHYuU1jOvvR59mExy0=
encore.dev v1.52.1/go.mod h1:lK8vSJG6uhYeUwT87/FEpcLdiN98QUcotd3gxRX0xDw=
github.com/coder/websocket v1.8.13/go.mod h1:LNVeNrXQZfe5qhS9ALED3uA+l5pPqvwXg3CKoDBB2gs=
github.com/mark3labs/mcp-go v0.32.0/go.mod h1:rXqOudj/djTORU/ThxYx8fqEVj/5pvTuuebQ2RC7uk4=
gopkg.in/check.v1 v0.0.0-20161208181325-20d25e280405/go.mod h1:Co6ibVJAznAaIkqp8huTwlJQCZ016jof/cbN4VW5Yz0=
gopkg.in/yaml.v3 v3.0.1 h1:fxVm/GzAzEWqLHuvctI91KS9hhNmmWOoWu0XTYJS7CA=
gopkg.in/yaml.v3 v3.0.1/go.mod h1:K4uyk7z7BCEPqu6E+C64Yfv1cQ7kz7rIZviUmN+EgEM=
